github.com/bobg/merkle v0.0.0-20181118194127-c753c2e4570c h1:O/ZY+5aBaKEJ5j1Aj4Mf4u7zOAh/aYwZSI6PlfvOgYg=
github.com/bobg/merkle v0.0.0-20181118194127-c753c2e4570c/go.mod h1:+KpAR5YA6YDRh1CpC9Aga0Gz63k1osN1wZ96sw3CwnM=
github.com/bobg/quiescence v0.0.0-20181201134758-b3d39fb72610 h1:hYtLJhK/w28RF6YFHwFRfM3Z/4HD9Uj3AwGWdQGOsBU=
github.com/bobg/quiescence v0.0.0-20181201134758-b3d39fb72610/go.mod h1:cPmL9OfuHiVh2PE6y1vSRT5F3PqQ0pCifFSreKvX3Xo=
github.com/bobg/sqlutil v0.0.0-20180406050615-9797d815c1b0 h1:hql05X2+1dzPUZ9OHhmXv0wY5yS6X+oFGbGQURUsNwc=
github.com/bobg/sqlutil v0.0.0-20180406050615-9797d815c1b0/go.mod h1:uUCAUhRjqpAPJ38dN2NQqbPen/v7ixiqRONZFAydnpE=
github.com/chain/txvm v0.0.0-20181129015509-e6c9a187c68e h1:W4snH1leCwdeMwQStPkegv8aTOndvwr9xs9kQq7m/Ic=
github.com/chain/txvm v0.0.0-20181129015509-e6c9a187c68e/go.mod h1:JCKwpchmBscMk5RkqAaiLojePlECHCVh+eESgm4Nsp8=
github.com/davecgh/go-spew v1.1.1 h1:vj9j/u1bqnvCEfJOwUhtlOARqs3+rkHYY13jYWTU97c=
github.com/davecgh/go-spew v1.1.1/go.mod h1:J7Y8YcW2NihsgmVo/mv3lAwl/skON4iLHjSsI+c5H38=
github.com/golang/protobuf v1.2.0 h1:P3YflyNX/ehuJFLhxviNdFxQPkGK5cDcApsge1SqnvM=
github.com/golang/protobuf v1.2.0/go.mod h1:6lQm79b+lXiMfvg/cZm0SGofjICqVBUtrP5yJMmIC1U=
github.com/mattn/go-sqlite3 v1.10.0 h1:jbhqpg7tQe4SupckyijYiy0mJJ/pRyHvXf7JdWK860o=
github.com/mattn/go-sqlite3 v1.10.0/go.mod h1:FPy6KqzDD04eiIsT53CuJW3U88zkxoIYsOqkbpncsNc=
github.com/miscreant/miscreant v0.3.0 h1:bCn4zQMvNeeFBE3PWrG9ePFLPZyttBPhJ/WDqyqWrLQ=
github.com/miscreant/miscreant v0.3.0/go.mod h1:ZKWeIKfbJej2zjb1OUXJaaP1DnCb4yoTtcR90O7BOD4=
golang.org/x/crypto v0.0.0-20181127143415-eb0de9b17e85 h1:et7+NAX3lLIk5qUCTA9QelBjGE/NkhzYw/mhnr0s7nI=
golang.org/x/crypto v0.0.0-20181127143415-eb0de9b17e85/go.mod h1:6SG95UA2DQfeDnfUPMdvaQW0Q7yPrPDi9nlGo2tz2b4=
golang.org/x/sync v0.0.0-20181108010431-42b317875d0f h1:Bl/8QSvNqXvPGPGXa2z5xUTmV7VDcZyvRZ+QQXkXTZQ=
golang.org/x/sync v0.0.0-20181108010431-42b317875d0f/go.mod h1:RxMgew5VJxzue5/jJTE5uejpjVlOe/izrB70Jof72aM=
